<?xml version="1.0" encoding="UTF-8" standalone="yes" ?>
<CodeBlocks_project_file>
	<FileVersion major="1" minor="6" />
	<Project>
		<Option title="bibliotheque_numerique" />
		<Option pch_mode="2" />
		<Option compiler="gcc" />
		<Build>
			<Target title="Debug">
				<Option output="bin/Debug/bibliotheque_numerique" prefix_auto="1" extension_auto="1" />
				<Option object_output="obj/Debug/" />
				<Option type="1" />
				<Option compiler="gcc" />
				<Compiler>
					<Add option="-g" />
				</Compiler>
			</Target>
			<Target title="Release">
				<Option output="bin/Release/bibliotheque_numerique" prefix_auto="1" extension_auto="1" />
				<Option object_output="obj/Release/" />
				<Option type="1" />
				<Option compiler="gcc" />
				<Compiler>
					<Add option="-O2" />
				</Compiler>
				<Linker>
					<Add option="-s" />
				</Linker>
			</Target>
		</Build>
		<Compiler>
			<Add option="-Wall" />
			<Add option="-fexceptions" />
		</Compiler>
		<Unit filename="administrateur.cpp" />
		<Unit filename="administrateur.h" />
		<Unit filename="chef_bibliotheque.cpp" />
		<Unit filename="chef_bibliotheque.h" />
		<Unit filename="commande.cpp" />
		<Unit filename="commande.h" />
		<Unit filename="fournisseur.cpp">
			<Option target="&lt;{~None~}&gt;" />
		</Unit>
		<Unit filename="fournisseur.h">
			<Option target="&lt;{~None~}&gt;" />
		</Unit>
		<Unit filename="gestionnaire.cpp" />
		<Unit filename="gestionnaire.h" />
		<Unit filename="historique_commande.cpp">
			<Option target="&lt;{~None~}&gt;" />
		</Unit>
		<Unit filename="historique_commande.h">
			<Option target="&lt;{~None~}&gt;" />
		</Unit>
		<Unit filename="main_administrateur.cpp">
			<Option target="&lt;{~None~}&gt;" />
		</Unit>
		<Unit filename="main_chef_bibliotheque.cpp">
			<Option target="&lt;{~None~}&gt;" />
		</Unit>
		<Unit filename="main_commande.cpp">
			<Option target="&lt;{~None~}&gt;" />
		</Unit>
		<Unit filename="main_fournisseur.cpp">
			<Option target="&lt;{~None~}&gt;" />
		</Unit>
		<Unit filename="main_gestionnaire.cpp">
			<Option target="&lt;{~None~}&gt;" />
		</Unit>
		<Unit filename="main_historique_commande.cpp">
			<Option target="&lt;{~None~}&gt;" />
		</Unit>
		<Unit filename="utilisateur.cpp" />
		<Unit filename="utilisateur.h" />
		<Extensions>
			<lib_finder disable_auto="1" />
		</Extensions>
	</Project>
</CodeBlocks_project_file>
